Microsoft Visual Studio Solution File, Format Version 12.00
# Visual Studio 2012
Project("{FAE04EC0-301F-11D3-BF4B-00C04F79EFBC}") = "Achtung Die Spurve", "Achtung Die Spurve.csproj", "{BDFFACA4-06D0-41B0-AFF9-C72D3A4C1C93}"
EndProject
Global
	GlobalSection(SolutionConfigurationPlatforms) = preSolution
	Debug|Any CPU = Debug|Any CPU
	ExportDebug|Any CPU = ExportDebug|Any CPU
	ExportRelease|Any CPU = ExportRelease|Any CPU
	EndGlobalSection
	GlobalSection(ProjectConfigurationPlatforms) = postSolution
		{BDFFACA4-06D0-41B0-AFF9-C72D3A4C1C93}.Debug|Any CPU.ActiveCfg = Debug|Any CPU
		{BDFFACA4-06D0-41B0-AFF9-C72D3A4C1C93}.Debug|Any CPU.Build.0 = Debug|Any CPU
		{BDFFACA4-06D0-41B0-AFF9-C72D3A4C1C93}.ExportDebug|Any CPU.ActiveCfg = ExportDebug|Any CPU
		{BDFFACA4-06D0-41B0-AFF9-C72D3A4C1C93}.ExportDebug|Any CPU.Build.0 = ExportDebug|Any CPU
		{BDFFACA4-06D0-41B0-AFF9-C72D3A4C1C93}.ExportRelease|Any CPU.ActiveCfg = ExportRelease|Any CPU
		{BDFFACA4-06D0-41B0-AFF9-C72D3A4C1C93}.ExportRelease|Any CPU.Build.0 = ExportRelease|Any CPU
	EndGlobalSection
EndGlobal
